
Microsoft Visual Studio Solution File, Format Version 12.00
# Visual Studio Version 17
VisualStudioVersion = 17.4.33213.308
MinimumVisualStudioVersion = 10.0.40219.1
Project("{FAE04EC0-301F-11D3-BF4B-00C04F79EFBC}") = "AirfareCalendar.Server", "Server\AirfareCalendar.Server.csproj", "{4F0D37C1-C729-42FD-B0EB-3E53C722E52F}"
EndProject
Project("{FAE04EC0-301F-11D3-BF4B-00C04F79EFBC}") = "AirfareCalendar.Client", "Client\AirfareCalendar.Client.csproj", "{3E68A013-6F5B-4730-BFA2-D9EC8285EB2B}"
EndProject
Project("{FAE04EC0-301F-11D3-BF4B-00C04F79EFBC}") = "AirfareCalendar.Shared", "Shared\AirfareCalendar.Shared.csproj", "{8417C007-B531-46D9-88C9-13DAF96F4D64}"
EndProject
Global
	GlobalSection(SolutionConfigurationPlatforms) = preSolution
		Debug|Any CPU = Debug|Any CPU
		Release|Any CPU = Release|Any CPU
	EndGlobalSection
	GlobalSection(ProjectConfigurationPlatforms) = postSolution
		{4F0D37C1-C729-42FD-B0EB-3E53C722E52F}.Debug|Any CPU.ActiveCfg = Debug|Any CPU
		{4F0D37C1-C729-42FD-B0EB-3E53C722E52F}.Debug|Any CPU.Build.0 = Debug|Any CPU
		{4F0D37C1-C729-42FD-B0EB-3E53C722E52F}.Release|Any CPU.ActiveCfg = Release|Any CPU
		{4F0D37C1-C729-42FD-B0EB-3E53C722E52F}.Release|Any CPU.Build.0 = Release|Any CPU
		{3E68A013-6F5B-4730-BFA2-D9EC8285EB2B}.Debug|Any CPU.ActiveCfg = Debug|Any CPU
		{3E68A013-6F5B-4730-BFA2-D9EC8285EB2B}.Debug|Any CPU.Build.0 = Debug|Any CPU
		{3E68A013-6F5B-4730-BFA2-D9EC8285EB2B}.Release|Any CPU.ActiveCfg = Release|Any CPU
		{3E68A013-6F5B-4730-BFA2-D9EC8285EB2B}.Release|Any CPU.Build.0 = Release|Any CPU
		{8417C007-B531-46D9-88C9-13DAF96F4D64}.Debug|Any CPU.ActiveCfg = Debug|Any CPU
		{8417C007-B531-46D9-88C9-13DAF96F4D64}.Debug|Any CPU.Build.0 = Debug|Any CPU
		{8417C007-B531-46D9-88C9-13DAF96F4D64}.Release|Any CPU.ActiveCfg = Release|Any CPU
		{8417C007-B531-46D9-88C9-13DAF96F4D64}.Release|Any CPU.Build.0 = Release|Any CPU
	EndGlobalSection
	GlobalSection(SolutionProperties) = preSolution
		HideSolutionNode = FALSE
	EndGlobalSection
	GlobalSection(ExtensibilityGlobals) = postSolution
		SolutionGuid = {08989B12-F5C6-4311-BFEC-DF06A4BD3729}
	EndGlobalSection
EndGlobal
